
Microsoft Visual Studio Solution File, Format Version 12.00
# Visual Studio 15
VisualStudioVersion = 15.0.28010.2046
MinimumVisualStudioVersion = 10.0.40219.1
Project("{FAE04EC0-301F-11D3-BF4B-00C04F79EFBC}") = "VulkanoPruebasAutomatizadas-Back", "VulkanoPruebasAutomatizadas-Back\VulkanoPruebasAutomatizadas-Back.csproj", "{C2043C18-3EBE-4991-9860-B63E754E827B}"
EndProject
Global
	GlobalSection(SolutionConfigurationPlatforms) = preSolution
		Debug|Any CPU = Debug|Any CPU
		Release|Any CPU = Release|Any CPU
	EndGlobalSection
	GlobalSection(ProjectConfigurationPlatforms) = postSolution
		{C2043C18-3EBE-4991-9860-B63E754E827B}.Debug|Any CPU.ActiveCfg = Debug|Any CPU
		{C2043C18-3EBE-4991-9860-B63E754E827B}.Debug|Any CPU.Build.0 = Debug|Any CPU
		{C2043C18-3EBE-4991-9860-B63E754E827B}.Release|Any CPU.ActiveCfg = Release|Any CPU
		{C2043C18-3EBE-4991-9860-B63E754E827B}.Release|Any CPU.Build.0 = Release|Any CPU
	EndGlobalSection
	GlobalSection(SolutionProperties) = preSolution
		HideSolutionNode = FALSE
	EndGlobalSection
	GlobalSection(ExtensibilityGlobals) = postSolution
		SolutionGuid = {B051236D-6A98-4BCF-BDA7-B41D3CC7B1B1}
	EndGlobalSection
EndGlobal
