
Microsoft Visual Studio Solution File, Format Version 12.00
# Visual Studio Version 16
VisualStudioVersion = 16.0.29230.47
MinimumVisualStudioVersion = 10.0.40219.1
Project("{9A19103F-16F7-4668-BE54-9A1E7A4F7556}") = "VulkanoPruebasAutomatizadas-Back", "VulkanoPruebasAutomatizadas-Back\VulkanoPruebasAutomatizadas-Back.csproj", "{C2043C18-3EBE-4991-9860-B63E754E827B}"
EndProject
Project("{9A19103F-16F7-4668-BE54-9A1E7A4F7556}") = "Data", "Data\Data.csproj", "{BD9FB5AA-D03A-4285-BA34-DF795FE253DB}"
EndProject
Project("{9A19103F-16F7-4668-BE54-9A1E7A4F7556}") = "Controller", "Controller\Controller.csproj", "{00426C91-21A7-47F1-8D08-36B8F58019B5}"
EndProject
Project("{9A19103F-16F7-4668-BE54-9A1E7A4F7556}") = "WorkerCypress", "WorkerCypress\WorkerCypress.csproj", "{EFCE630F-AB2E-433F-A107-213A6E3B88F0}"
EndProject
Project("{FAE04EC0-301F-11D3-BF4B-00C04F79EFBC}") = "WorkerAndroid", "WorkerAndroid\WorkerAndroid.csproj", "{4DD6A78D-8431-4EC9-A815-B23B232512E3}"
EndProject
Project("{FAE04EC0-301F-11D3-BF4B-00C04F79EFBC}") = "Monitor", "Monitor\Monitor.csproj", "{0D8C97E7-E76E-4C4E-A95D-C49A84E37D30}"
EndProject
Global
	GlobalSection(SolutionConfigurationPlatforms) = preSolution
		Debug|Any CPU = Debug|Any CPU
		Release|Any CPU = Release|Any CPU
	EndGlobalSection
	GlobalSection(ProjectConfigurationPlatforms) = postSolution
		{C2043C18-3EBE-4991-9860-B63E754E827B}.Debug|Any CPU.ActiveCfg = Debug|Any CPU
		{C2043C18-3EBE-4991-9860-B63E754E827B}.Debug|Any CPU.Build.0 = Debug|Any CPU
		{C2043C18-3EBE-4991-9860-B63E754E827B}.Release|Any CPU.ActiveCfg = Release|Any CPU
		{C2043C18-3EBE-4991-9860-B63E754E827B}.Release|Any CPU.Build.0 = Release|Any CPU
		{BD9FB5AA-D03A-4285-BA34-DF795FE253DB}.Debug|Any CPU.ActiveCfg = Debug|Any CPU
		{BD9FB5AA-D03A-4285-BA34-DF795FE253DB}.Debug|Any CPU.Build.0 = Debug|Any CPU
		{BD9FB5AA-D03A-4285-BA34-DF795FE253DB}.Release|Any CPU.ActiveCfg = Release|Any CPU
		{BD9FB5AA-D03A-4285-BA34-DF795FE253DB}.Release|Any CPU.Build.0 = Release|Any CPU
		{00426C91-21A7-47F1-8D08-36B8F58019B5}.Debug|Any CPU.ActiveCfg = Debug|Any CPU
		{00426C91-21A7-47F1-8D08-36B8F58019B5}.Debug|Any CPU.Build.0 = Debug|Any CPU
		{00426C91-21A7-47F1-8D08-36B8F58019B5}.Release|Any CPU.ActiveCfg = Release|Any CPU
		{00426C91-21A7-47F1-8D08-36B8F58019B5}.Release|Any CPU.Build.0 = Release|Any CPU
		{EFCE630F-AB2E-433F-A107-213A6E3B88F0}.Debug|Any CPU.ActiveCfg = Debug|Any CPU
		{EFCE630F-AB2E-433F-A107-213A6E3B88F0}.Debug|Any CPU.Build.0 = Debug|Any CPU
		{EFCE630F-AB2E-433F-A107-213A6E3B88F0}.Release|Any CPU.ActiveCfg = Release|Any CPU
		{EFCE630F-AB2E-433F-A107-213A6E3B88F0}.Release|Any CPU.Build.0 = Release|Any CPU
		{4DD6A78D-8431-4EC9-A815-B23B232512E3}.Debug|Any CPU.ActiveCfg = Debug|Any CPU
		{4DD6A78D-8431-4EC9-A815-B23B232512E3}.Debug|Any CPU.Build.0 = Debug|Any CPU
		{4DD6A78D-8431-4EC9-A815-B23B232512E3}.Release|Any CPU.ActiveCfg = Release|Any CPU
		{4DD6A78D-8431-4EC9-A815-B23B232512E3}.Release|Any CPU.Build.0 = Release|Any CPU
		{0D8C97E7-E76E-4C4E-A95D-C49A84E37D30}.Debug|Any CPU.ActiveCfg = Debug|Any CPU
		{0D8C97E7-E76E-4C4E-A95D-C49A84E37D30}.Debug|Any CPU.Build.0 = Debug|Any CPU
		{0D8C97E7-E76E-4C4E-A95D-C49A84E37D30}.Release|Any CPU.ActiveCfg = Release|Any CPU
		{0D8C97E7-E76E-4C4E-A95D-C49A84E37D30}.Release|Any CPU.Build.0 = Release|Any CPU
	EndGlobalSection
	GlobalSection(SolutionProperties) = preSolution
		HideSolutionNode = FALSE
	EndGlobalSection
	GlobalSection(ExtensibilityGlobals) = postSolution
		SolutionGuid = {B051236D-6A98-4BCF-BDA7-B41D3CC7B1B1}
	EndGlobalSection
EndGlobal
