
Microsoft Visual Studio Solution File, Format Version 12.00
# Visual Studio Version 16
VisualStudioVersion = 16.0.29230.47
MinimumVisualStudioVersion = 10.0.40219.1
Project("{9A19103F-16F7-4668-BE54-9A1E7A4F7556}") = "VulkanoPruebasAutomatizadas-Back", "VulkanoPruebasAutomatizadas-Back\VulkanoPruebasAutomatizadas-Back.csproj", "{C2043C18-3EBE-4991-9860-B63E754E827B}"
EndProject
Project("{FAE04EC0-301F-11D3-BF4B-00C04F79EFBC}") = "WorkerAndroidNetFramework", "WorkerAndroidNetFramework\WorkerAndroidNetFramework.csproj", "{1B07D837-3B90-41F1-98D0-4BCB147B0BF8}"
EndProject
Project("{FAE04EC0-301F-11D3-BF4B-00C04F79EFBC}") = "WorkerAndroidRandomNetFramework", "WorkerAndroidRandomNetFramework\WorkerAndroidRandomNetFramework.csproj", "{3A072373-9820-486D-B276-83A2B3A828F6}"
EndProject
Project("{FAE04EC0-301F-11D3-BF4B-00C04F79EFBC}") = "WorkerWebsiteBDTNetFramework", "WorkerWebsiteBDTNetFramework\WorkerWebsiteBDTNetFramework.csproj", "{91D28189-1C5C-40B7-BB20-CBE501E3EC19}"
EndProject
Project("{FAE04EC0-301F-11D3-BF4B-00C04F79EFBC}") = "GeneralWorkerNetFramework", "GeneralWorkerNetFramework\GeneralWorkerNetFramework.csproj", "{60985B85-B2DA-42D1-AC64-1DF9622A6F11}"
EndProject
Project("{FAE04EC0-301F-11D3-BF4B-00C04F79EFBC}") = "MonitorNetFramework", "MonitorNetFramework\MonitorNetFramework.csproj", "{1C8B1DD5-406C-4A89-A841-DD6598913531}"
EndProject
Project("{FAE04EC0-301F-11D3-BF4B-00C04F79EFBC}") = "WorkerWebsiteE2ENetFramework", "WorkerWebsiteE2ENetFramework\WorkerWebsiteE2ENetFramework.csproj", "{2DDCD887-E5E6-4728-8267-8DF7F313EB0F}"
EndProject
Project("{FAE04EC0-301F-11D3-BF4B-00C04F79EFBC}") = "Data", "DataFramework\Data.csproj", "{29629A29-8782-4443-90F4-EB3E83FFB090}"
EndProject
Project("{FAE04EC0-301F-11D3-BF4B-00C04F79EFBC}") = "Controller", "ControllerFramework\Controller.csproj", "{8704311A-20AD-4541-8A66-DC0BFE54D6E7}"
EndProject
Global
	GlobalSection(SolutionConfigurationPlatforms) = preSolution
		Debug|Any CPU = Debug|Any CPU
		Release|Any CPU = Release|Any CPU
	EndGlobalSection
	GlobalSection(ProjectConfigurationPlatforms) = postSolution
		{C2043C18-3EBE-4991-9860-B63E754E827B}.Debug|Any CPU.ActiveCfg = Debug|Any CPU
		{C2043C18-3EBE-4991-9860-B63E754E827B}.Debug|Any CPU.Build.0 = Debug|Any CPU
		{C2043C18-3EBE-4991-9860-B63E754E827B}.Release|Any CPU.ActiveCfg = Release|Any CPU
		{C2043C18-3EBE-4991-9860-B63E754E827B}.Release|Any CPU.Build.0 = Release|Any CPU
		{1B07D837-3B90-41F1-98D0-4BCB147B0BF8}.Debug|Any CPU.ActiveCfg = Debug|Any CPU
		{1B07D837-3B90-41F1-98D0-4BCB147B0BF8}.Debug|Any CPU.Build.0 = Debug|Any CPU
		{1B07D837-3B90-41F1-98D0-4BCB147B0BF8}.Release|Any CPU.ActiveCfg = Release|Any CPU
		{1B07D837-3B90-41F1-98D0-4BCB147B0BF8}.Release|Any CPU.Build.0 = Release|Any CPU
		{3A072373-9820-486D-B276-83A2B3A828F6}.Debug|Any CPU.ActiveCfg = Debug|Any CPU
		{3A072373-9820-486D-B276-83A2B3A828F6}.Debug|Any CPU.Build.0 = Debug|Any CPU
		{3A072373-9820-486D-B276-83A2B3A828F6}.Release|Any CPU.ActiveCfg = Release|Any CPU
		{3A072373-9820-486D-B276-83A2B3A828F6}.Release|Any CPU.Build.0 = Release|Any CPU
		{91D28189-1C5C-40B7-BB20-CBE501E3EC19}.Debug|Any CPU.ActiveCfg = Debug|Any CPU
		{91D28189-1C5C-40B7-BB20-CBE501E3EC19}.Debug|Any CPU.Build.0 = Debug|Any CPU
		{91D28189-1C5C-40B7-BB20-CBE501E3EC19}.Release|Any CPU.ActiveCfg = Release|Any CPU
		{91D28189-1C5C-40B7-BB20-CBE501E3EC19}.Release|Any CPU.Build.0 = Release|Any CPU
		{60985B85-B2DA-42D1-AC64-1DF9622A6F11}.Debug|Any CPU.ActiveCfg = Debug|Any CPU
		{60985B85-B2DA-42D1-AC64-1DF9622A6F11}.Debug|Any CPU.Build.0 = Debug|Any CPU
		{60985B85-B2DA-42D1-AC64-1DF9622A6F11}.Release|Any CPU.ActiveCfg = Release|Any CPU
		{60985B85-B2DA-42D1-AC64-1DF9622A6F11}.Release|Any CPU.Build.0 = Release|Any CPU
		{1C8B1DD5-406C-4A89-A841-DD6598913531}.Debug|Any CPU.ActiveCfg = Debug|Any CPU
		{1C8B1DD5-406C-4A89-A841-DD6598913531}.Debug|Any CPU.Build.0 = Debug|Any CPU
		{1C8B1DD5-406C-4A89-A841-DD6598913531}.Release|Any CPU.ActiveCfg = Release|Any CPU
		{1C8B1DD5-406C-4A89-A841-DD6598913531}.Release|Any CPU.Build.0 = Release|Any CPU
		{2DDCD887-E5E6-4728-8267-8DF7F313EB0F}.Debug|Any CPU.ActiveCfg = Debug|Any CPU
		{2DDCD887-E5E6-4728-8267-8DF7F313EB0F}.Debug|Any CPU.Build.0 = Debug|Any CPU
		{2DDCD887-E5E6-4728-8267-8DF7F313EB0F}.Release|Any CPU.ActiveCfg = Release|Any CPU
		{2DDCD887-E5E6-4728-8267-8DF7F313EB0F}.Release|Any CPU.Build.0 = Release|Any CPU
		{29629A29-8782-4443-90F4-EB3E83FFB090}.Debug|Any CPU.ActiveCfg = Debug|Any CPU
		{29629A29-8782-4443-90F4-EB3E83FFB090}.Debug|Any CPU.Build.0 = Debug|Any CPU
		{29629A29-8782-4443-90F4-EB3E83FFB090}.Release|Any CPU.ActiveCfg = Release|Any CPU
		{29629A29-8782-4443-90F4-EB3E83FFB090}.Release|Any CPU.Build.0 = Release|Any CPU
		{8704311A-20AD-4541-8A66-DC0BFE54D6E7}.Debug|Any CPU.ActiveCfg = Debug|Any CPU
		{8704311A-20AD-4541-8A66-DC0BFE54D6E7}.Debug|Any CPU.Build.0 = Debug|Any CPU
		{8704311A-20AD-4541-8A66-DC0BFE54D6E7}.Release|Any CPU.ActiveCfg = Release|Any CPU
		{8704311A-20AD-4541-8A66-DC0BFE54D6E7}.Release|Any CPU.Build.0 = Release|Any CPU
	EndGlobalSection
	GlobalSection(SolutionProperties) = preSolution
		HideSolutionNode = FALSE
	EndGlobalSection
	GlobalSection(ExtensibilityGlobals) = postSolution
		SolutionGuid = {B051236D-6A98-4BCF-BDA7-B41D3CC7B1B1}
	EndGlobalSection
EndGlobal
